
Microsoft Visual Studio Solution File, Format Version 12.00
# Visual Studio Version 17
VisualStudioVersion = 17.8.34511.84
MinimumVisualStudioVersion = 10.0.40219.1
Project("{FAE04EC0-301F-11D3-BF4B-00C04F79EFBC}") = "Indexer.Cli", "Indexer.Cli\Indexer.Cli.csproj", "{DD36AE98-57F3-449D-9357-F8096ED36D36}"
EndProject
Project("{FAE04EC0-301F-11D3-BF4B-00C04F79EFBC}") = "Indexer.Services", "Indexer.Services\Indexer.Services.csproj", "{1D29A070-D6B0-4D13-A43B-A771223608B9}"
EndProject
Global
	GlobalSection(SolutionConfigurationPlatforms) = preSolution
		Debug|Any CPU = Debug|Any CPU
		Release|Any CPU = Release|Any CPU
	EndGlobalSection
	GlobalSection(ProjectConfigurationPlatforms) = postSolution
		{DD36AE98-57F3-449D-9357-F8096ED36D36}.Debug|Any CPU.ActiveCfg = Debug|Any CPU
		{DD36AE98-57F3-449D-9357-F8096ED36D36}.Debug|Any CPU.Build.0 = Debug|Any CPU
		{DD36AE98-57F3-449D-9357-F8096ED36D36}.Release|Any CPU.ActiveCfg = Release|Any CPU
		{DD36AE98-57F3-449D-9357-F8096ED36D36}.Release|Any CPU.Build.0 = Release|Any CPU
		{1D29A070-D6B0-4D13-A43B-A771223608B9}.Debug|Any CPU.ActiveCfg = Debug|Any CPU
		{1D29A070-D6B0-4D13-A43B-A771223608B9}.Debug|Any CPU.Build.0 = Debug|Any CPU
		{1D29A070-D6B0-4D13-A43B-A771223608B9}.Release|Any CPU.ActiveCfg = Release|Any CPU
		{1D29A070-D6B0-4D13-A43B-A771223608B9}.Release|Any CPU.Build.0 = Release|Any CPU
	EndGlobalSection
	GlobalSection(SolutionProperties) = preSolution
		HideSolutionNode = FALSE
	EndGlobalSection
	GlobalSection(ExtensibilityGlobals) = postSolution
		SolutionGuid = {DB4AAA20-204E-4557-9F9A-B768DE921AC7}
	EndGlobalSection
EndGlobal
